
Microsoft Visual Studio Solution File, Format Version 12.00
Project("{FAE04EC0-301F-11D3-BF4B-00C04F79EFBC}") = "DirectAudio", "DirectAudio\DirectAudio.csproj", "{5570D6DC-0B46-414C-9648-7BC306CC113A}"
EndProject
Global
	GlobalSection(SolutionConfigurationPlatforms) = preSolution
		Debug|Any CPU = Debug|Any CPU
		Release|Any CPU = Release|Any CPU
	EndGlobalSection
	GlobalSection(ProjectConfigurationPlatforms) = postSolution
		{5570D6DC-0B46-414C-9648-7BC306CC113A}.Debug|Any CPU.ActiveCfg = Debug|Any CPU
		{5570D6DC-0B46-414C-9648-7BC306CC113A}.Debug|Any CPU.Build.0 = Debug|Any CPU
		{5570D6DC-0B46-414C-9648-7BC306CC113A}.Release|Any CPU.ActiveCfg = Release|Any CPU
		{5570D6DC-0B46-414C-9648-7BC306CC113A}.Release|Any CPU.Build.0 = Release|Any CPU
	EndGlobalSection
EndGlobal
